{
  "originHash" : "9cc6c3be4c7f812323205da14cf7ebcf98fa11b4dd023e59c9581f89e2c89882",
  "pins" : [
    {
      "identity" : "apollo-ios",
      "kind" : "remoteSourceControl",
      "location" : "https://github.com/apollographql/apollo-ios",
      "state" : {
        "revision" : "1abd62f6cbc8c1f4405919d7eb6cd8e96967b07c",
        "version" : "1.25.3"
      }
    },
    {
      "identity" : "bdlocalizeddevicesmodels",
      "kind" : "remoteSourceControl",
      "location" : "https://github.com/bixcorp/BDLocalizedDevicesModels",
      "state" : {
        "revision" : "47e24d570efa84f4638a69297dda0145741e9cad",
        "version" : "3.9.0"
      }
    },
    {
      "identity" : "workoutkit-ios-sdk",
      "kind" : "remoteSourceControl",
      "location" : "https://github.com/fysiki/workoutkit-ios-sdk",
      "state" : {
        "revision" : "b51aef5d31650b5ef25f4452a3ca7f8774f8e593",
        "version" : "1.19.0"
      }
    }
  ],
  "version" : 3
}
